
Microsoft Visual Studio Solution File, Format Version 12.00
# Visual Studio Version 17
VisualStudioVersion = 17.6.33801.468
MinimumVisualStudioVersion = 10.0.40219.1
Project("{9A19103F-16F7-4668-BE54-9A1E7A4F7556}") = "Blazor-Sorteio.Client", "Client\Blazor-Sorteio.Client.csproj", "{E9AEEB76-D5CE-48C0-833D-B6C17757E824}"
EndProject
Project("{9A19103F-16F7-4668-BE54-9A1E7A4F7556}") = "Blazor-Sorteio.Server", "Server\Blazor-Sorteio.Server.csproj", "{909510DF-CBD8-4AE6-B2D5-041E26883025}"
EndProject
Project("{9A19103F-16F7-4668-BE54-9A1E7A4F7556}") = "Blazor-Sorteio.Shared", "Shared\Blazor-Sorteio.Shared.csproj", "{94D7C0E4-0F70-4EA3-910C-768718EB576E}"
EndProject
Global
	GlobalSection(SolutionConfigurationPlatforms) = preSolution
		Debug|Any CPU = Debug|Any CPU
		Release|Any CPU = Release|Any CPU
	EndGlobalSection
	GlobalSection(ProjectConfigurationPlatforms) = postSolution
		{E9AEEB76-D5CE-48C0-833D-B6C17757E824}.Debug|Any CPU.ActiveCfg = Debug|Any CPU
		{E9AEEB76-D5CE-48C0-833D-B6C17757E824}.Debug|Any CPU.Build.0 = Debug|Any CPU
		{E9AEEB76-D5CE-48C0-833D-B6C17757E824}.Release|Any CPU.ActiveCfg = Release|Any CPU
		{E9AEEB76-D5CE-48C0-833D-B6C17757E824}.Release|Any CPU.Build.0 = Release|Any CPU
		{909510DF-CBD8-4AE6-B2D5-041E26883025}.Debug|Any CPU.ActiveCfg = Debug|Any CPU
		{909510DF-CBD8-4AE6-B2D5-041E26883025}.Debug|Any CPU.Build.0 = Debug|Any CPU
		{909510DF-CBD8-4AE6-B2D5-041E26883025}.Release|Any CPU.ActiveCfg = Release|Any CPU
		{909510DF-CBD8-4AE6-B2D5-041E26883025}.Release|Any CPU.Build.0 = Release|Any CPU
		{94D7C0E4-0F70-4EA3-910C-768718EB576E}.Debug|Any CPU.ActiveCfg = Debug|Any CPU
		{94D7C0E4-0F70-4EA3-910C-768718EB576E}.Debug|Any CPU.Build.0 = Debug|Any CPU
		{94D7C0E4-0F70-4EA3-910C-768718EB576E}.Release|Any CPU.ActiveCfg = Release|Any CPU
		{94D7C0E4-0F70-4EA3-910C-768718EB576E}.Release|Any CPU.Build.0 = Release|Any CPU
	EndGlobalSection
	GlobalSection(SolutionProperties) = preSolution
		HideSolutionNode = FALSE
	EndGlobalSection
	GlobalSection(ExtensibilityGlobals) = postSolution
		SolutionGuid = {78874182-30FA-435E-8AED-6C7B11B6C75B}
	EndGlobalSection
EndGlobal
